
Microsoft Visual Studio Solution File, Format Version 12.00
# Visual Studio 15
VisualStudioVersion = 15.0.28307.329
MinimumVisualStudioVersion = 10.0.40219.1
Project("{9A19103F-16F7-4668-BE54-9A1E7A4F7556}") = "FeatureFlag", "FeatureFlag\FeatureFlag.csproj", "{1C044BC9-E4C7-456A-9785-9025419FFA38}"
EndProject
Project("{FAE04EC0-301F-11D3-BF4B-00C04F79EFBC}") = "FeatureFlagManagement", "FeatureFlagManagement\FeatureFlagManagement.csproj", "{611810C8-F010-440A-87FF-FEB39283B7D9}"
EndProject
Project("{FAE04EC0-301F-11D3-BF4B-00C04F79EFBC}") = "FeatureFlagFunctionalTesting", "FeatureFlagFunctionalTesting\FeatureFlagFunctionalTesting.csproj", "{3A95C72F-9B68-4150-AA58-1DF7ACFC7958}"
EndProject
Global
	GlobalSection(SolutionConfigurationPlatforms) = preSolution
		Debug|Any CPU = Debug|Any CPU
		Release|Any CPU = Release|Any CPU
	EndGlobalSection
	GlobalSection(ProjectConfigurationPlatforms) = postSolution
		{1C044BC9-E4C7-456A-9785-9025419FFA38}.Debug|Any CPU.ActiveCfg = Debug|Any CPU
		{1C044BC9-E4C7-456A-9785-9025419FFA38}.Debug|Any CPU.Build.0 = Debug|Any CPU
		{1C044BC9-E4C7-456A-9785-9025419FFA38}.Release|Any CPU.ActiveCfg = Release|Any CPU
		{1C044BC9-E4C7-456A-9785-9025419FFA38}.Release|Any CPU.Build.0 = Release|Any CPU
		{611810C8-F010-440A-87FF-FEB39283B7D9}.Debug|Any CPU.ActiveCfg = Debug|Any CPU
		{611810C8-F010-440A-87FF-FEB39283B7D9}.Debug|Any CPU.Build.0 = Debug|Any CPU
		{611810C8-F010-440A-87FF-FEB39283B7D9}.Release|Any CPU.ActiveCfg = Release|Any CPU
		{611810C8-F010-440A-87FF-FEB39283B7D9}.Release|Any CPU.Build.0 = Release|Any CPU
		{3A95C72F-9B68-4150-AA58-1DF7ACFC7958}.Debug|Any CPU.ActiveCfg = Debug|Any CPU
		{3A95C72F-9B68-4150-AA58-1DF7ACFC7958}.Debug|Any CPU.Build.0 = Debug|Any CPU
		{3A95C72F-9B68-4150-AA58-1DF7ACFC7958}.Release|Any CPU.ActiveCfg = Release|Any CPU
		{3A95C72F-9B68-4150-AA58-1DF7ACFC7958}.Release|Any CPU.Build.0 = Release|Any CPU
	EndGlobalSection
	GlobalSection(SolutionProperties) = preSolution
		HideSolutionNode = FALSE
	EndGlobalSection
	GlobalSection(ExtensibilityGlobals) = postSolution
		SolutionGuid = {5F95627A-DEAD-4B69-8510-CE64016754CD}
	EndGlobalSection
EndGlobal
